// !$*UTF8*$!
{
	archiveVersion = 1;
	classes = {
	};
	objectVersion = 56;
	objects = {

/* Begin PBXBuildFile section */
		432D8AB2573C54AF5197A9EC /* Pods_PlantApp.framework in Frameworks */ = {isa = PBXBuildFile; fileRef = 30D7A46B7FAB260B9F6C6A1B /* Pods_PlantApp.framework */; };
		B40685EB29D8ACC60044014E /* SearchView.swift in Sources */ = {isa = PBXBuildFile; fileRef = B40685EA29D8ACC60044014E /* SearchView.swift */; };
		B40685ED29D8B6140044014E /* HeaderView.swift in Sources */ = {isa = PBXBuildFile; fileRef = B40685EC29D8B6140044014E /* HeaderView.swift */; };
		B40685F029D8BB1A0044014E /* RequestModel.swift in Sources */ = {isa = PBXBuildFile; fileRef = B40685EF29D8BB1A0044014E /* RequestModel.swift */; };
		B40685F229D8BBE30044014E /* ConnectionService.swift in Sources */ = {isa = PBXBuildFile; fileRef = B40685F129D8BBE30044014E /* ConnectionService.swift */; };
		B40685F529D8BD7D0044014E /* GetStartedRequestModel.swift in Sources */ = {isa = PBXBuildFile; fileRef = B40685F429D8BD7D0044014E /* GetStartedRequestModel.swift */; };
		B40685F729D8BDA30044014E /* ServiceConstants.swift in Sources */ = {isa = PBXBuildFile; fileRef = B40685F629D8BDA30044014E /* ServiceConstants.swift */; };
		B40685F929D8BDEE0044014E /* GetStartedResponseModel.swift in Sources */ = {isa = PBXBuildFile; fileRef = B40685F829D8BDEE0044014E /* GetStartedResponseModel.swift */; };
		B40685FC29D8BE990044014E /* CategoriesRequestModel.swift in Sources */ = {isa = PBXBuildFile; fileRef = B40685FB29D8BE990044014E /* CategoriesRequestModel.swift */; };
		B40685FE29D8BEB00044014E /* CategoriesResponseModel.swift in Sources */ = {isa = PBXBuildFile; fileRef = B40685FD29D8BEB00044014E /* CategoriesResponseModel.swift */; };
		B406860029D8C4A20044014E /* ObservableObject.swift in Sources */ = {isa = PBXBuildFile; fileRef = B40685FF29D8C4A20044014E /* ObservableObject.swift */; };
		B406860229D8D2700044014E /* BaseTabbarController.swift in Sources */ = {isa = PBXBuildFile; fileRef = B406860129D8D2700044014E /* BaseTabbarController.swift */; };
		B406860729D8D9850044014E /* DiagnoseViewController.swift in Sources */ = {isa = PBXBuildFile; fileRef = B406860629D8D9850044014E /* DiagnoseViewController.swift */; };
		B406860929D8D98C0044014E /* ProfileViewController.swift in Sources */ = {isa = PBXBuildFile; fileRef = B406860829D8D98C0044014E /* ProfileViewController.swift */; };
		B406860B29D8D9950044014E /* MyGardenViewController.swift in Sources */ = {isa = PBXBuildFile; fileRef = B406860A29D8D9950044014E /* MyGardenViewController.swift */; };
		B406860E29D8DAD70044014E /* ScanViewController.swift in Sources */ = {isa = PBXBuildFile; fileRef = B406860D29D8DAD70044014E /* ScanViewController.swift */; };
		B406861329D8E2C60044014E /* WebViewController.swift in Sources */ = {isa = PBXBuildFile; fileRef = B406861229D8E2C60044014E /* WebViewController.swift */; };
		B483758429D5AEE800451787 /* AppDelegate.swift in Sources */ = {isa = PBXBuildFile; fileRef = B483758329D5AEE800451787 /* AppDelegate.swift */; };
		B483758629D5AEE800451787 /* SceneDelegate.swift in Sources */ = {isa = PBXBuildFile; fileRef = B483758529D5AEE800451787 /* SceneDelegate.swift */; };
		B483758D29D5AEE800451787 /* Assets.xcassets in Resources */ = {isa = PBXBuildFile; fileRef = B483758C29D5AEE800451787 /* Assets.xcassets */; };
		B483759029D5AEE800451787 /* LaunchScreen.storyboard in Resources */ = {isa = PBXBuildFile; fileRef = B483758E29D5AEE800451787 /* LaunchScreen.storyboard */; };
		B48375A429D5B40A00451787 /* GetStartedViewController.swift in Sources */ = {isa = PBXBuildFile; fileRef = B48375A329D5B40A00451787 /* GetStartedViewController.swift */; };
		B48375A629D5B63B00451787 /* NetworkManager.swift in Sources */ = {isa = PBXBuildFile; fileRef = B48375A529D5B63B00451787 /* NetworkManager.swift */; };
		B48375AA29D5B65F00451787 /* SafeUnwrap.swift in Sources */ = {isa = PBXBuildFile; fileRef = B48375A929D5B65F00451787 /* SafeUnwrap.swift */; };
		B48375AC29D5B68700451787 /* UIViewController+Extensions.swift in Sources */ = {isa = PBXBuildFile; fileRef = B48375AB29D5B68700451787 /* UIViewController+Extensions.swift */; };
		B48375AE29D5B6D400451787 /* ReusableView.swift in Sources */ = {isa = PBXBuildFile; fileRef = B48375AD29D5B6D400451787 /* ReusableView.swift */; };
		B48375B029D5B6F000451787 /* UICollectionView + Extension.swift in Sources */ = {isa = PBXBuildFile; fileRef = B48375AF29D5B6F000451787 /* UICollectionView + Extension.swift */; };
		B48375B229D5B91100451787 /* OnboardingViewController.swift in Sources */ = {isa = PBXBuildFile; fileRef = B48375B129D5B91100451787 /* OnboardingViewController.swift */; };
		B48375B429D5B92900451787 /* HomeViewController.swift in Sources */ = {isa = PBXBuildFile; fileRef = B48375B329D5B92900451787 /* HomeViewController.swift */; };
		B48375C529D5BA8500451787 /* Rubik-Light.ttf in Resources */ = {isa = PBXBuildFile; fileRef = B48375B729D5BA8500451787 /* Rubik-Light.ttf */; };
		B48375C729D5BA8500451787 /* Rubik-Medium.ttf in Resources */ = {isa = PBXBuildFile; fileRef = B48375B929D5BA8500451787 /* Rubik-Medium.ttf */; };
		B48375C829D5BA8500451787 /* Rubik-ExtraBold.ttf in Resources */ = {isa = PBXBuildFile; fileRef = B48375BA29D5BA8500451787 /* Rubik-ExtraBold.ttf */; };
		B48375C929D5BA8500451787 /* Rubik-SemiBold.ttf in Resources */ = {isa = PBXBuildFile; fileRef = B48375BB29D5BA8500451787 /* Rubik-SemiBold.ttf */; };
		B48375CA29D5BA8500451787 /* Rubik-Black.ttf in Resources */ = {isa = PBXBuildFile; fileRef = B48375BC29D5BA8500451787 /* Rubik-Black.ttf */; };
		B48375CC29D5BA8500451787 /* Rubik-Regular.ttf in Resources */ = {isa = PBXBuildFile; fileRef = B48375BE29D5BA8500451787 /* Rubik-Regular.ttf */; };
		B48375CF29D5BA8500451787 /* Rubik-Bold.ttf in Resources */ = {isa = PBXBuildFile; fileRef = B48375C129D5BA8500451787 /* Rubik-Bold.ttf */; };
		B48375D329D5BD0D00451787 /* UIFont + Extension.swift in Sources */ = {isa = PBXBuildFile; fileRef = B48375D229D5BD0D00451787 /* UIFont + Extension.swift */; };
		B48375D629D5BD6E00451787 /* AppConstants.swift in Sources */ = {isa = PBXBuildFile; fileRef = B48375D529D5BD6E00451787 /* AppConstants.swift */; };
		B48375D829D5BD8200451787 /* FontBook.swift in Sources */ = {isa = PBXBuildFile; fileRef = B48375D729D5BD8200451787 /* FontBook.swift */; };
		B48375DA29D5BE8400451787 /* UIColor + Extension.swift in Sources */ = {isa = PBXBuildFile; fileRef = B48375D929D5BE8400451787 /* UIColor + Extension.swift */; };
		B48375DC29D5BF1800451787 /* CustomColors.swift in Sources */ = {isa = PBXBuildFile; fileRef = B48375DB29D5BF1800451787 /* CustomColors.swift */; };
		B48375DE29D5C47600451787 /* String + Extension.swift in Sources */ = {isa = PBXBuildFile; fileRef = B48375DD29D5C47600451787 /* String + Extension.swift */; };
		B48375E329D5DF9F00451787 /* OnboardingCVC.swift in Sources */ = {isa = PBXBuildFile; fileRef = B48375E129D5DF9F00451787 /* OnboardingCVC.swift */; };
		B48375E429D5DF9F00451787 /* OnboardingCVC.xib in Resources */ = {isa = PBXBuildFile; fileRef = B48375E229D5DF9F00451787 /* OnboardingCVC.xib */; };
		B48375EA29D6FEA900451787 /* OnboardingTwoCVC.swift in Sources */ = {isa = PBXBuildFile; fileRef = B48375E829D6FEA900451787 /* OnboardingTwoCVC.swift */; };
		B48375EB29D6FEA900451787 /* OnboardingTwoCVC.xib in Resources */ = {isa = PBXBuildFile; fileRef = B48375E929D6FEA900451787 /* OnboardingTwoCVC.xib */; };
		B48375EE29D71AF400451787 /* PayWallViewController.swift in Sources */ = {isa = PBXBuildFile; fileRef = B48375ED29D71AF400451787 /* PayWallViewController.swift */; };
		B48375F129D72BD500451787 /* PayWallPriceView.swift in Sources */ = {isa = PBXBuildFile; fileRef = B48375F029D72BD500451787 /* PayWallPriceView.swift */; };
		B48375F529D7308F00451787 /* PayWallCVC.swift in Sources */ = {isa = PBXBuildFile; fileRef = B48375F329D7308F00451787 /* PayWallCVC.swift */; };
		B48375F629D7308F00451787 /* PayWallCVC.xib in Resources */ = {isa = PBXBuildFile; fileRef = B48375F429D7308F00451787 /* PayWallCVC.xib */; };
		B4FC94EE29D882FC007D9D5D /* NSLayoutConstraint + Extensions.swift in Sources */ = {isa = PBXBuildFile; fileRef = B4FC94ED29D882FC007D9D5D /* NSLayoutConstraint + Extensions.swift */; };
		B4FC94F029D88750007D9D5D /* HomeViewModel.swift in Sources */ = {isa = PBXBuildFile; fileRef = B4FC94EF29D88750007D9D5D /* HomeViewModel.swift */; };
		B4FC94F529D88918007D9D5D /* PremiumCVC.swift in Sources */ = {isa = PBXBuildFile; fileRef = B4FC94F329D88918007D9D5D /* PremiumCVC.swift */; };
		B4FC94F629D88918007D9D5D /* PremiumCVC.xib in Resources */ = {isa = PBXBuildFile; fileRef = B4FC94F429D88918007D9D5D /* PremiumCVC.xib */; };
		B4FC94F829D88CC6007D9D5D /* GradiendLabel.swift in Sources */ = {isa = PBXBuildFile; fileRef = B4FC94F729D88CC6007D9D5D /* GradiendLabel.swift */; };
		B4FC94FE29D892A8007D9D5D /* GetStartedCVC.swift in Sources */ = {isa = PBXBuildFile; fileRef = B4FC94FC29D892A8007D9D5D /* GetStartedCVC.swift */; };
		B4FC94FF29D892A8007D9D5D /* GetStartedCVC.xib in Resources */ = {isa = PBXBuildFile; fileRef = B4FC94FD29D892A8007D9D5D /* GetStartedCVC.xib */; };
		B4FC950329D8940F007D9D5D /* QuestionCVC.swift in Sources */ = {isa = PBXBuildFile; fileRef = B4FC950129D8940F007D9D5D /* QuestionCVC.swift */; };
		B4FC950429D8940F007D9D5D /* QuestionCVC.xib in Resources */ = {isa = PBXBuildFile; fileRef = B4FC950229D8940F007D9D5D /* QuestionCVC.xib */; };
		B4FC950829D895D2007D9D5D /* UIView + Extensions.swift in Sources */ = {isa = PBXBuildFile; fileRef = B4FC950729D895D2007D9D5D /* UIView + Extensions.swift */; };
		B4FC950A29D89715007D9D5D /* UICollectionViewCell + Extensions.swift in Sources */ = {isa = PBXBuildFile; fileRef = B4FC950929D89715007D9D5D /* UICollectionViewCell + Extensions.swift */; };
		B4FC950E29D8A615007D9D5D /* CategoriesCVC.swift in Sources */ = {isa = PBXBuildFile; fileRef = B4FC950C29D8A615007D9D5D /* CategoriesCVC.swift */; };
		B4FC950F29D8A615007D9D5D /* CategoriesCVC.xib in Resources */ = {isa = PBXBuildFile; fileRef = B4FC950D29D8A615007D9D5D /* CategoriesCVC.xib */; };
		B4FC951329D8A815007D9D5D /* CategoryCVC.swift in Sources */ = {isa = PBXBuildFile; fileRef = B4FC951129D8A815007D9D5D /* CategoryCVC.swift */; };
		B4FC951429D8A815007D9D5D /* CategoryCVC.xib in Resources */ = {isa = PBXBuildFile; fileRef = B4FC951229D8A815007D9D5D /* CategoryCVC.xib */; };
/* End PBXBuildFile section */

/* Begin PBXFileReference section */
		248DD3F8B7A983CC6DE2F43C /* Pods-PlantApp.debug.xcconfig */ = {isa = PBXFileReference; includeInIndex = 1; lastKnownFileType = text.xcconfig; name = "Pods-PlantApp.debug.xcconfig"; path = "Target Support Files/Pods-PlantApp/Pods-PlantApp.debug.xcconfig"; sourceTree = "<group>"; };
		30D7A46B7FAB260B9F6C6A1B /* Pods_PlantApp.framework */ = {isa = PBXFileReference; explicitFileType = wrapper.framework; includeInIndex = 0; path = Pods_PlantApp.framework; sourceTree = BUILT_PRODUCTS_DIR; };
		6561363FCDD861E0C70654BD /* Pods-PlantApp.release.xcconfig */ = {isa = PBXFileReference; includeInIndex = 1; lastKnownFileType = text.xcconfig; name = "Pods-PlantApp.release.xcconfig"; path = "Target Support Files/Pods-PlantApp/Pods-PlantApp.release.xcconfig"; sourceTree = "<group>"; };
		B40685EA29D8ACC60044014E /* SearchView.swift */ = {isa = PBXFileReference; lastKnownFileType = sourcecode.swift; path = SearchView.swift; sourceTree = "<group>"; };
		B40685EC29D8B6140044014E /* HeaderView.swift */ = {isa = PBXFileReference; lastKnownFileType = sourcecode.swift; path = HeaderView.swift; sourceTree = "<group>"; };
		B40685EF29D8BB1A0044014E /* RequestModel.swift */ = {isa = PBXFileReference; lastKnownFileType = sourcecode.swift; path = RequestModel.swift; sourceTree = "<group>"; };
		B40685F129D8BBE30044014E /* ConnectionService.swift */ = {isa = PBXFileReference; lastKnownFileType = sourcecode.swift; path = ConnectionService.swift; sourceTree = "<group>"; };
		B40685F429D8BD7D0044014E /* GetStartedRequestModel.swift */ = {isa = PBXFileReference; lastKnownFileType = sourcecode.swift; path = GetStartedRequestModel.swift; sourceTree = "<group>"; };
		B40685F629D8BDA30044014E /* ServiceConstants.swift */ = {isa = PBXFileReference; lastKnownFileType = sourcecode.swift; path = ServiceConstants.swift; sourceTree = "<group>"; };
		B40685F829D8BDEE0044014E /* GetStartedResponseModel.swift */ = {isa = PBXFileReference; lastKnownFileType = sourcecode.swift; path = GetStartedResponseModel.swift; sourceTree = "<group>"; };
		B40685FB29D8BE990044014E /* CategoriesRequestModel.swift */ = {isa = PBXFileReference; lastKnownFileType = sourcecode.swift; path = CategoriesRequestModel.swift; sourceTree = "<group>"; };
		B40685FD29D8BEB00044014E /* CategoriesResponseModel.swift */ = {isa = PBXFileReference; lastKnownFileType = sourcecode.swift; path = CategoriesResponseModel.swift; sourceTree = "<group>"; };
		B40685FF29D8C4A20044014E /* ObservableObject.swift */ = {isa = PBXFileReference; lastKnownFileType = sourcecode.swift; path = ObservableObject.swift; sourceTree = "<group>"; };
		B406860129D8D2700044014E /* BaseTabbarController.swift */ = {isa = PBXFileReference; lastKnownFileType = sourcecode.swift; path = BaseTabbarController.swift; sourceTree = "<group>"; };
		B406860629D8D9850044014E /* DiagnoseViewController.swift */ = {isa = PBXFileReference; lastKnownFileType = sourcecode.swift; path = DiagnoseViewController.swift; sourceTree = "<group>"; };
		B406860829D8D98C0044014E /* ProfileViewController.swift */ = {isa = PBXFileReference; lastKnownFileType = sourcecode.swift; path = ProfileViewController.swift; sourceTree = "<group>"; };
		B406860A29D8D9950044014E /* MyGardenViewController.swift */ = {isa = PBXFileReference; lastKnownFileType = sourcecode.swift; path = MyGardenViewController.swift; sourceTree = "<group>"; };
		B406860D29D8DAD70044014E /* ScanViewController.swift */ = {isa = PBXFileReference; lastKnownFileType = sourcecode.swift; path = ScanViewController.swift; sourceTree = "<group>"; };
		B406861229D8E2C60044014E /* WebViewController.swift */ = {isa = PBXFileReference; lastKnownFileType = sourcecode.swift; path = WebViewController.swift; sourceTree = "<group>"; };
		B483758029D5AEE800451787 /* PlantApp.app */ = {isa = PBXFileReference; explicitFileType = wrapper.application; includeInIndex = 0; path = PlantApp.app; sourceTree = BUILT_PRODUCTS_DIR; };
		B483758329D5AEE800451787 /* AppDelegate.swift */ = {isa = PBXFileReference; lastKnownFileType = sourcecode.swift; path = AppDelegate.swift; sourceTree = "<group>"; };
		B483758529D5AEE800451787 /* SceneDelegate.swift */ = {isa = PBXFileReference; lastKnownFileType = sourcecode.swift; path = SceneDelegate.swift; sourceTree = "<group>"; };
		B483758C29D5AEE800451787 /* Assets.xcassets */ = {isa = PBXFileReference; lastKnownFileType = folder.assetcatalog; path = Assets.xcassets; sourceTree = "<group>"; };
		B483758F29D5AEE800451787 /* Base */ = {isa = PBXFileReference; lastKnownFileType = file.storyboard; name = Base; path = Base.lproj/LaunchScreen.storyboard; sourceTree = "<group>"; };
		B483759129D5AEE800451787 /* Info.plist */ = {isa = PBXFileReference; lastKnownFileType = text.plist.xml; path = Info.plist; sourceTree = "<group>"; };
		B48375A329D5B40A00451787 /* GetStartedViewController.swift */ = {isa = PBXFileReference; lastKnownFileType = sourcecode.swift; path = GetStartedViewController.swift; sourceTree = "<group>"; };
		B48375A529D5B63B00451787 /* NetworkManager.swift */ = {isa = PBXFileReference; lastKnownFileType = sourcecode.swift; path = NetworkManager.swift; sourceTree = "<group>"; };
		B48375A929D5B65F00451787 /* SafeUnwrap.swift */ = {isa = PBXFileReference; lastKnownFileType = sourcecode.swift; path = SafeUnwrap.swift; sourceTree = "<group>"; };
		B48375AB29D5B68700451787 /* UIViewController+Extensions.swift */ = {isa = PBXFileReference; lastKnownFileType = sourcecode.swift; path = "UIViewController+Extensions.swift"; sourceTree = "<group>"; };
		B48375AD29D5B6D400451787 /* ReusableView.swift */ = {isa = PBXFileReference; lastKnownFileType = sourcecode.swift; path = ReusableView.swift; sourceTree = "<group>"; };
		B48375AF29D5B6F000451787 /* UICollectionView + Extension.swift */ = {isa = PBXFileReference; lastKnownFileType = sourcecode.swift; path = "UICollectionView + Extension.swift"; sourceTree = "<group>"; };
		B48375B129D5B91100451787 /* OnboardingViewController.swift */ = {isa = PBXFileReference; lastKnownFileType = sourcecode.swift; path = OnboardingViewController.swift; sourceTree = "<group>"; };
		B48375B329D5B92900451787 /* HomeViewController.swift */ = {isa = PBXFileReference; lastKnownFileType = sourcecode.swift; path = HomeViewController.swift; sourceTree = "<group>"; };
		B48375B729D5BA8500451787 /* Rubik-Light.ttf */ = {isa = PBXFileReference; lastKnownFileType = file; path = "Rubik-Light.ttf"; sourceTree = "<group>"; };
		B48375B929D5BA8500451787 /* Rubik-Medium.ttf */ = {isa = PBXFileReference; lastKnownFileType = file; path = "Rubik-Medium.ttf"; sourceTree = "<group>"; };
		B48375BA29D5BA8500451787 /* Rubik-ExtraBold.ttf */ = {isa = PBXFileReference; lastKnownFileType = file; path = "Rubik-ExtraBold.ttf"; sourceTree = "<group>"; };
		B48375BB29D5BA8500451787 /* Rubik-SemiBold.ttf */ = {isa = PBXFileReference; lastKnownFileType = file; path = "Rubik-SemiBold.ttf"; sourceTree = "<group>"; };
		B48375BC29D5BA8500451787 /* Rubik-Black.ttf */ = {isa = PBXFileReference; lastKnownFileType = file; path = "Rubik-Black.ttf"; sourceTree = "<group>"; };
		B48375BE29D5BA8500451787 /* Rubik-Regular.ttf */ = {isa = PBXFileReference; lastKnownFileType = file; path = "Rubik-Regular.ttf"; sourceTree = "<group>"; };
		B48375C129D5BA8500451787 /* Rubik-Bold.ttf */ = {isa = PBXFileReference; lastKnownFileType = file; path = "Rubik-Bold.ttf"; sourceTree = "<group>"; };
		B48375D229D5BD0D00451787 /* UIFont + Extension.swift */ = {isa = PBXFileReference; lastKnownFileType = sourcecode.swift; path = "UIFont + Extension.swift"; sourceTree = "<group>"; };
		B48375D529D5BD6E00451787 /* AppConstants.swift */ = {isa = PBXFileReference; lastKnownFileType = sourcecode.swift; path = AppConstants.swift; sourceTree = "<group>"; };
		B48375D729D5BD8200451787 /* FontBook.swift */ = {isa = PBXFileReference; lastKnownFileType = sourcecode.swift; path = FontBook.swift; sourceTree = "<group>"; };
		B48375D929D5BE8400451787 /* UIColor + Extension.swift */ = {isa = PBXFileReference; lastKnownFileType = sourcecode.swift; path = "UIColor + Extension.swift"; sourceTree = "<group>"; };
		B48375DB29D5BF1800451787 /* CustomColors.swift */ = {isa = PBXFileReference; lastKnownFileType = sourcecode.swift; path = CustomColors.swift; sourceTree = "<group>"; };
		B48375DD29D5C47600451787 /* String + Extension.swift */ = {isa = PBXFileReference; lastKnownFileType = sourcecode.swift; path = "String + Extension.swift"; sourceTree = "<group>"; };
		B48375E129D5DF9F00451787 /* OnboardingCVC.swift */ = {isa = PBXFileReference; lastKnownFileType = sourcecode.swift; path = OnboardingCVC.swift; sourceTree = "<group>"; };
		B48375E229D5DF9F00451787 /* OnboardingCVC.xib */ = {isa = PBXFileReference; lastKnownFileType = file.xib; path = OnboardingCVC.xib; sourceTree = "<group>"; };
		B48375E829D6FEA900451787 /* OnboardingTwoCVC.swift */ = {isa = PBXFileReference; lastKnownFileType = sourcecode.swift; path = OnboardingTwoCVC.swift; sourceTree = "<group>"; };
		B48375E929D6FEA900451787 /* OnboardingTwoCVC.xib */ = {isa = PBXFileReference; lastKnownFileType = file.xib; path = OnboardingTwoCVC.xib; sourceTree = "<group>"; };
		B48375ED29D71AF400451787 /* PayWallViewController.swift */ = {isa = PBXFileReference; lastKnownFileType = sourcecode.swift; path = PayWallViewController.swift; sourceTree = "<group>"; };
		B48375F029D72BD500451787 /* PayWallPriceView.swift */ = {isa = PBXFileReference; lastKnownFileType = sourcecode.swift; path = PayWallPriceView.swift; sourceTree = "<group>"; };
		B48375F329D7308F00451787 /* PayWallCVC.swift */ = {isa = PBXFileReference; lastKnownFileType = sourcecode.swift; path = PayWallCVC.swift; sourceTree = "<group>"; };
		B48375F429D7308F00451787 /* PayWallCVC.xib */ = {isa = PBXFileReference; lastKnownFileType = file.xib; path = PayWallCVC.xib; sourceTree = "<group>"; };
		B4FC94ED29D882FC007D9D5D /* NSLayoutConstraint + Extensions.swift */ = {isa = PBXFileReference; lastKnownFileType = sourcecode.swift; path = "NSLayoutConstraint + Extensions.swift"; sourceTree = "<group>"; };
		B4FC94EF29D88750007D9D5D /* HomeViewModel.swift */ = {isa = PBXFileReference; lastKnownFileType = sourcecode.swift; path = HomeViewModel.swift; sourceTree = "<group>"; };
		B4FC94F329D88918007D9D5D /* PremiumCVC.swift */ = {isa = PBXFileReference; lastKnownFileType = sourcecode.swift; path = PremiumCVC.swift; sourceTree = "<group>"; };
		B4FC94F429D88918007D9D5D /* PremiumCVC.xib */ = {isa = PBXFileReference; lastKnownFileType = file.xib; path = PremiumCVC.xib; sourceTree = "<group>"; };
		B4FC94F729D88CC6007D9D5D /* GradiendLabel.swift */ = {isa = PBXFileReference; lastKnownFileType = sourcecode.swift; path = GradiendLabel.swift; sourceTree = "<group>"; };
		B4FC94FC29D892A8007D9D5D /* GetStartedCVC.swift */ = {isa = PBXFileReference; lastKnownFileType = sourcecode.swift; path = GetStartedCVC.swift; sourceTree = "<group>"; };
		B4FC94FD29D892A8007D9D5D /* GetStartedCVC.xib */ = {isa = PBXFileReference; lastKnownFileType = file.xib; path = GetStartedCVC.xib; sourceTree = "<group>"; };
		B4FC950129D8940F007D9D5D /* QuestionCVC.swift */ = {isa = PBXFileReference; lastKnownFileType = sourcecode.swift; path = QuestionCVC.swift; sourceTree = "<group>"; };
		B4FC950229D8940F007D9D5D /* QuestionCVC.xib */ = {isa = PBXFileReference; lastKnownFileType = file.xib; path = QuestionCVC.xib; sourceTree = "<group>"; };
		B4FC950729D895D2007D9D5D /* UIView + Extensions.swift */ = {isa = PBXFileReference; lastKnownFileType = sourcecode.swift; path = "UIView + Extensions.swift"; sourceTree = "<group>"; };
		B4FC950929D89715007D9D5D /* UICollectionViewCell + Extensions.swift */ = {isa = PBXFileReference; lastKnownFileType = sourcecode.swift; path = "UICollectionViewCell + Extensions.swift"; sourceTree = "<group>"; };
		B4FC950C29D8A615007D9D5D /* CategoriesCVC.swift */ = {isa = PBXFileReference; lastKnownFileType = sourcecode.swift; path = CategoriesCVC.swift; sourceTree = "<group>"; };
		B4FC950D29D8A615007D9D5D /* CategoriesCVC.xib */ = {isa = PBXFileReference; lastKnownFileType = file.xib; path = CategoriesCVC.xib; sourceTree = "<group>"; };
		B4FC951129D8A815007D9D5D /* CategoryCVC.swift */ = {isa = PBXFileReference; lastKnownFileType = sourcecode.swift; path = CategoryCVC.swift; sourceTree = "<group>"; };
		B4FC951229D8A815007D9D5D /* CategoryCVC.xib */ = {isa = PBXFileReference; lastKnownFileType = file.xib; path = CategoryCVC.xib; sourceTree = "<group>"; };
/* End PBXFileReference section */

/* Begin PBXFrameworksBuildPhase section */
		B483757D29D5AEE800451787 /* Frameworks */ = {
			isa = PBXFrameworksBuildPhase;
			buildActionMask = 2147483647;
			files = (
				432D8AB2573C54AF5197A9EC /* Pods_PlantApp.framework in Frameworks */,
			);
			runOnlyForDeploymentPostprocessing = 0;
		};
/* End PBXFrameworksBuildPhase section */

/* Begin PBXGroup section */
		0359AECF2BCDFECB500BB959 /* Pods */ = {
			isa = PBXGroup;
			children = (
				248DD3F8B7A983CC6DE2F43C /* Pods-PlantApp.debug.xcconfig */,
				6561363FCDD861E0C70654BD /* Pods-PlantApp.release.xcconfig */,
			);
			path = Pods;
			sourceTree = "<group>";
		};
		9AAC076A1E8FEEE799AA9E7F /* Frameworks */ = {
			isa = PBXGroup;
			children = (
				30D7A46B7FAB260B9F6C6A1B /* Pods_PlantApp.framework */,
			);
			name = Frameworks;
			sourceTree = "<group>";
		};
		B40685EE29D8BB120044014E /* Models */ = {
			isa = PBXGroup;
			children = (
				B40685FA29D8BE8F0044014E /* Categories */,
				B40685F329D8BD710044014E /* GetStarted */,
				B40685EF29D8BB1A0044014E /* RequestModel.swift */,
			);
			path = Models;
			sourceTree = "<group>";
		};
		B40685F329D8BD710044014E /* GetStarted */ = {
			isa = PBXGroup;
			children = (
				B40685F429D8BD7D0044014E /* GetStartedRequestModel.swift */,
				B40685F829D8BDEE0044014E /* GetStartedResponseModel.swift */,
			);
			path = GetStarted;
			sourceTree = "<group>";
		};
		B40685FA29D8BE8F0044014E /* Categories */ = {
			isa = PBXGroup;
			children = (
				B40685FB29D8BE990044014E /* CategoriesRequestModel.swift */,
				B40685FD29D8BEB00044014E /* CategoriesResponseModel.swift */,
			);
			path = Categories;
			sourceTree = "<group>";
		};
		B406860329D8D95D0044014E /* Diagnose */ = {
			isa = PBXGroup;
			children = (
				B406860629D8D9850044014E /* DiagnoseViewController.swift */,
			);
			path = Diagnose;
			sourceTree = "<group>";
		};
		B406860429D8D9640044014E /* Profile */ = {
			isa = PBXGroup;
			children = (
				B406860829D8D98C0044014E /* ProfileViewController.swift */,
			);
			path = Profile;
			sourceTree = "<group>";
		};
		B406860529D8D96A0044014E /* MyGarden */ = {
			isa = PBXGroup;
			children = (
				B406860A29D8D9950044014E /* MyGardenViewController.swift */,
			);
			path = MyGarden;
			sourceTree = "<group>";
		};
		B406860C29D8DAC90044014E /* Scan */ = {
			isa = PBXGroup;
			children = (
				B406860D29D8DAD70044014E /* ScanViewController.swift */,
			);
			path = Scan;
			sourceTree = "<group>";
		};
		B406860F29D8DCD50044014E /* MainAppScreens */ = {
			isa = PBXGroup;
			children = (
				B48375A129D5B14D00451787 /* Home */,
				B406860329D8D95D0044014E /* Diagnose */,
				B406860C29D8DAC90044014E /* Scan */,
				B406860529D8D96A0044014E /* MyGarden */,
				B406860429D8D9640044014E /* Profile */,
			);
			name = MainAppScreens;
			sourceTree = "<group>";
		};
		B406861029D8DCE70044014E /* OnboardingScreens */ = {
			isa = PBXGroup;
			children = (
				B48375DF29D5DA4B00451787 /* Landing */,
				B48375A029D5B11C00451787 /* Onboarding */,
				B48375EC29D71ADF00451787 /* PayWall */,
			);
			path = OnboardingScreens;
			sourceTree = "<group>";
		};
		B406861129D8E28C0044014E /* WebView */ = {
			isa = PBXGroup;
			children = (
				B406861229D8E2C60044014E /* WebViewController.swift */,
			);
			path = WebView;
			sourceTree = "<group>";
		};
		B483757729D5AEE800451787 = {
			isa = PBXGroup;
			children = (
				B483758229D5AEE800451787 /* PlantApp */,
				B483758129D5AEE800451787 /* Products */,
				0359AECF2BCDFECB500BB959 /* Pods */,
				9AAC076A1E8FEEE799AA9E7F /* Frameworks */,
			);
			sourceTree = "<group>";
		};
		B483758129D5AEE800451787 /* Products */ = {
			isa = PBXGroup;
			children = (
				B483758029D5AEE800451787 /* PlantApp.app */,
			);
			name = Products;
			sourceTree = "<group>";
		};
		B483758229D5AEE800451787 /* PlantApp */ = {
			isa = PBXGroup;
			children = (
				B483759729D5B04E00451787 /* Application */,
				B483759829D5B05400451787 /* Network */,
				B483759929D5B05900451787 /* Utilities */,
				B483759A29D5B06F00451787 /* Sources */,
				B483759129D5AEE800451787 /* Info.plist */,
			);
			path = PlantApp;
			sourceTree = "<group>";
		};
		B483759729D5B04E00451787 /* Application */ = {
			isa = PBXGroup;
			children = (
				B483758329D5AEE800451787 /* AppDelegate.swift */,
				B483758529D5AEE800451787 /* SceneDelegate.swift */,
				B406860129D8D2700044014E /* BaseTabbarController.swift */,
				B406861029D8DCE70044014E /* OnboardingScreens */,
				B406860F29D8DCD50044014E /* MainAppScreens */,
			);
			path = Application;
			sourceTree = "<group>";
		};
		B483759829D5B05400451787 /* Network */ = {
			isa = PBXGroup;
			children = (
				B40685EE29D8BB120044014E /* Models */,
				B48375A529D5B63B00451787 /* NetworkManager.swift */,
				B40685F129D8BBE30044014E /* ConnectionService.swift */,
			);
			path = Network;
			sourceTree = "<group>";
		};
		B483759929D5B05900451787 /* Utilities */ = {
			isa = PBXGroup;
			children = (
				B48375EF29D72BBF00451787 /* CustomViews */,
				B48375D429D5BD6200451787 /* Constants */,
				B48375A829D5B65600451787 /* Helpers */,
				B48375A729D5B65000451787 /* Extensions */,
			);
			path = Utilities;
			sourceTree = "<group>";
		};
		B483759A29D5B06F00451787 /* Sources */ = {
			isa = PBXGroup;
			children = (
				B48375B529D5BA6100451787 /* Fonts */,
				B483758C29D5AEE800451787 /* Assets.xcassets */,
				B483758E29D5AEE800451787 /* LaunchScreen.storyboard */,
			);
			path = Sources;
			sourceTree = "<group>";
		};
		B48375A029D5B11C00451787 /* Onboarding */ = {
			isa = PBXGroup;
			children = (
				B48375E729D6FE7800451787 /* OnboardingCellTwo */,
				B48375E029D5DF8600451787 /* OnboardingCell */,
				B48375B129D5B91100451787 /* OnboardingViewController.swift */,
			);
			path = Onboarding;
			sourceTree = "<group>";
		};
		B48375A129D5B14D00451787 /* Home */ = {
			isa = PBXGroup;
			children = (
				B4FC94F129D888F8007D9D5D /* HomeCells */,
				B48375B329D5B92900451787 /* HomeViewController.swift */,
				B4FC94EF29D88750007D9D5D /* HomeViewModel.swift */,
			);
			path = Home;
			sourceTree = "<group>";
		};
		B48375A729D5B65000451787 /* Extensions */ = {
			isa = PBXGroup;
			children = (
				B48375AB29D5B68700451787 /* UIViewController+Extensions.swift */,
				B48375AF29D5B6F000451787 /* UICollectionView + Extension.swift */,
				B48375D229D5BD0D00451787 /* UIFont + Extension.swift */,
				B48375D929D5BE8400451787 /* UIColor + Extension.swift */,
				B48375DD29D5C47600451787 /* String + Extension.swift */,
				B4FC94ED29D882FC007D9D5D /* NSLayoutConstraint + Extensions.swift */,
				B4FC950729D895D2007D9D5D /* UIView + Extensions.swift */,
				B4FC950929D89715007D9D5D /* UICollectionViewCell + Extensions.swift */,
			);
			path = Extensions;
			sourceTree = "<group>";
		};
		B48375A829D5B65600451787 /* Helpers */ = {
			isa = PBXGroup;
			children = (
				B406861129D8E28C0044014E /* WebView */,
				B48375A929D5B65F00451787 /* SafeUnwrap.swift */,
				B48375AD29D5B6D400451787 /* ReusableView.swift */,
				B40685FF29D8C4A20044014E /* ObservableObject.swift */,
			);
			path = Helpers;
			sourceTree = "<group>";
		};
		B48375B529D5BA6100451787 /* Fonts */ = {
			isa = PBXGroup;
			children = (
				B48375BC29D5BA8500451787 /* Rubik-Black.ttf */,
				B48375C129D5BA8500451787 /* Rubik-Bold.ttf */,
				B48375BA29D5BA8500451787 /* Rubik-ExtraBold.ttf */,
				B48375B729D5BA8500451787 /* Rubik-Light.ttf */,
				B48375B929D5BA8500451787 /* Rubik-Medium.ttf */,
				B48375BE29D5BA8500451787 /* Rubik-Regular.ttf */,
				B48375BB29D5BA8500451787 /* Rubik-SemiBold.ttf */,
			);
			path = Fonts;
			sourceTree = "<group>";
		};
		B48375D429D5BD6200451787 /* Constants */ = {
			isa = PBXGroup;
			children = (
				B48375D529D5BD6E00451787 /* AppConstants.swift */,
				B48375D729D5BD8200451787 /* FontBook.swift */,
				B48375DB29D5BF1800451787 /* CustomColors.swift */,
				B40685F629D8BDA30044014E /* ServiceConstants.swift */,
			);
			path = Constants;
			sourceTree = "<group>";
		};
		B48375DF29D5DA4B00451787 /* Landing */ = {
			isa = PBXGroup;
			children = (
				B48375A329D5B40A00451787 /* GetStartedViewController.swift */,
			);
			path = Landing;
			sourceTree = "<group>";
		};
		B48375E029D5DF8600451787 /* OnboardingCell */ = {
			isa = PBXGroup;
			children = (
				B48375E129D5DF9F00451787 /* OnboardingCVC.swift */,
				B48375E229D5DF9F00451787 /* OnboardingCVC.xib */,
			);
			path = OnboardingCell;
			sourceTree = "<group>";
		};
		B48375E729D6FE7800451787 /* OnboardingCellTwo */ = {
			isa = PBXGroup;
			children = (
				B48375E829D6FEA900451787 /* OnboardingTwoCVC.swift */,
				B48375E929D6FEA900451787 /* OnboardingTwoCVC.xib */,
			);
			path = OnboardingCellTwo;
			sourceTree = "<group>";
		};
		B48375EC29D71ADF00451787 /* PayWall */ = {
			isa = PBXGroup;
			children = (
				B48375F229D7307B00451787 /* PayWallCell */,
				B48375ED29D71AF400451787 /* PayWallViewController.swift */,
			);
			path = PayWall;
			sourceTree = "<group>";
		};
		B48375EF29D72BBF00451787 /* CustomViews */ = {
			isa = PBXGroup;
			children = (
				B48375F029D72BD500451787 /* PayWallPriceView.swift */,
				B4FC94F729D88CC6007D9D5D /* GradiendLabel.swift */,
				B40685EA29D8ACC60044014E /* SearchView.swift */,
				B40685EC29D8B6140044014E /* HeaderView.swift */,
			);
			path = CustomViews;
			sourceTree = "<group>";
		};
		B48375F229D7307B00451787 /* PayWallCell */ = {
			isa = PBXGroup;
			children = (
				B48375F329D7308F00451787 /* PayWallCVC.swift */,
				B48375F429D7308F00451787 /* PayWallCVC.xib */,
			);
			path = PayWallCell;
			sourceTree = "<group>";
		};
		B4FC94F129D888F8007D9D5D /* HomeCells */ = {
			isa = PBXGroup;
			children = (
				B4FC950B29D8A5FB007D9D5D /* CategoriesCell */,
				B4FC94FB29D89295007D9D5D /* GetStartedCell */,
				B4FC94F229D88903007D9D5D /* PremiumCell */,
			);
			path = HomeCells;
			sourceTree = "<group>";
		};
		B4FC94F229D88903007D9D5D /* PremiumCell */ = {
			isa = PBXGroup;
			children = (
				B4FC94F329D88918007D9D5D /* PremiumCVC.swift */,
				B4FC94F429D88918007D9D5D /* PremiumCVC.xib */,
			);
			path = PremiumCell;
			sourceTree = "<group>";
		};
		B4FC94FB29D89295007D9D5D /* GetStartedCell */ = {
			isa = PBXGroup;
			children = (
				B4FC950029D893F7007D9D5D /* QuestionCell */,
				B4FC94FC29D892A8007D9D5D /* GetStartedCVC.swift */,
				B4FC94FD29D892A8007D9D5D /* GetStartedCVC.xib */,
			);
			path = GetStartedCell;
			sourceTree = "<group>";
		};
		B4FC950029D893F7007D9D5D /* QuestionCell */ = {
			isa = PBXGroup;
			children = (
				B4FC950129D8940F007D9D5D /* QuestionCVC.swift */,
				B4FC950229D8940F007D9D5D /* QuestionCVC.xib */,
			);
			path = QuestionCell;
			sourceTree = "<group>";
		};
		B4FC950B29D8A5FB007D9D5D /* CategoriesCell */ = {
			isa = PBXGroup;
			children = (
				B4FC951029D8A800007D9D5D /* CategoryCell */,
				B4FC950C29D8A615007D9D5D /* CategoriesCVC.swift */,
				B4FC950D29D8A615007D9D5D /* CategoriesCVC.xib */,
			);
			path = CategoriesCell;
			sourceTree = "<group>";
		};
		B4FC951029D8A800007D9D5D /* CategoryCell */ = {
			isa = PBXGroup;
			children = (
				B4FC951129D8A815007D9D5D /* CategoryCVC.swift */,
				B4FC951229D8A815007D9D5D /* CategoryCVC.xib */,
			);
			path = CategoryCell;
			sourceTree = "<group>";
		};
/* End PBXGroup section */

/* Begin PBXNativeTarget section */
		B483757F29D5AEE800451787 /* PlantApp */ = {
			isa = PBXNativeTarget;
			buildConfigurationList = B483759429D5AEE800451787 /* Build configuration list for PBXNativeTarget "PlantApp" */;
			buildPhases = (
				C96C1A6B89E184D4551FF06F /* [CP] Check Pods Manifest.lock */,
				B483757C29D5AEE800451787 /* Sources */,
				B483757D29D5AEE800451787 /* Frameworks */,
				B483757E29D5AEE800451787 /* Resources */,
				28832B148625F65D61E115E1 /* [CP] Embed Pods Frameworks */,
			);
			buildRules = (
			);
			dependencies = (
			);
			name = PlantApp;
			productName = PlantApp;
			productReference = B483758029D5AEE800451787 /* PlantApp.app */;
			productType = "com.apple.product-type.application";
		};
/* End PBXNativeTarget section */

/* Begin PBXProject section */
		B483757829D5AEE800451787 /* Project object */ = {
			isa = PBXProject;
			attributes = {
				BuildIndependentTargetsInParallel = 1;
				LastSwiftUpdateCheck = 1420;
				LastUpgradeCheck = 1420;
				TargetAttributes = {
					B483757F29D5AEE800451787 = {
						CreatedOnToolsVersion = 14.2;
					};
				};
			};
			buildConfigurationList = B483757B29D5AEE800451787 /* Build configuration list for PBXProject "PlantApp" */;
			compatibilityVersion = "Xcode 14.0";
			developmentRegion = en;
			hasScannedForEncodings = 0;
			knownRegions = (
				en,
				Base,
			);
			mainGroup = B483757729D5AEE800451787;
			productRefGroup = B483758129D5AEE800451787 /* Products */;
			projectDirPath = "";
			projectRoot = "";
			targets = (
				B483757F29D5AEE800451787 /* PlantApp */,
			);
		};
/* End PBXProject section */

/* Begin PBXResourcesBuildPhase section */
		B483757E29D5AEE800451787 /* Resources */ = {
			isa = PBXResourcesBuildPhase;
			buildActionMask = 2147483647;
			files = (
				B483759029D5AEE800451787 /* LaunchScreen.storyboard in Resources */,
				B48375C529D5BA8500451787 /* Rubik-Light.ttf in Resources */,
				B48375C729D5BA8500451787 /* Rubik-Medium.ttf in Resources */,
				B48375C829D5BA8500451787 /* Rubik-ExtraBold.ttf in Resources */,
				B4FC950F29D8A615007D9D5D /* CategoriesCVC.xib in Resources */,
				B4FC950429D8940F007D9D5D /* QuestionCVC.xib in Resources */,
				B48375EB29D6FEA900451787 /* OnboardingTwoCVC.xib in Resources */,
				B4FC94FF29D892A8007D9D5D /* GetStartedCVC.xib in Resources */,
				B48375F629D7308F00451787 /* PayWallCVC.xib in Resources */,
				B4FC951429D8A815007D9D5D /* CategoryCVC.xib in Resources */,
				B48375CC29D5BA8500451787 /* Rubik-Regular.ttf in Resources */,
				B48375CA29D5BA8500451787 /* Rubik-Black.ttf in Resources */,
				B483758D29D5AEE800451787 /* Assets.xcassets in Resources */,
				B48375CF29D5BA8500451787 /* Rubik-Bold.ttf in Resources */,
				B48375C929D5BA8500451787 /* Rubik-SemiBold.ttf in Resources */,
				B4FC94F629D88918007D9D5D /* PremiumCVC.xib in Resources */,
				B48375E429D5DF9F00451787 /* OnboardingCVC.xib in Resources */,
			);
			runOnlyForDeploymentPostprocessing = 0;
		};
/* End PBXResourcesBuildPhase section */

/* Begin PBXShellScriptBuildPhase section */
		28832B148625F65D61E115E1 /* [CP] Embed Pods Frameworks */ = {
			isa = PBXShellScriptBuildPhase;
			buildActionMask = 2147483647;
			files = (
			);
			inputFileListPaths = (
				"${PODS_ROOT}/Target Support Files/Pods-PlantApp/Pods-PlantApp-frameworks-${CONFIGURATION}-input-files.xcfilelist",
			);
			name = "[CP] Embed Pods Frameworks";
			outputFileListPaths = (
				"${PODS_ROOT}/Target Support Files/Pods-PlantApp/Pods-PlantApp-frameworks-${CONFIGURATION}-output-files.xcfilelist",
			);
			runOnlyForDeploymentPostprocessing = 0;
			shellPath = /bin/sh;
			shellScript = "\"${PODS_ROOT}/Target Support Files/Pods-PlantApp/Pods-PlantApp-frameworks.sh\"\n";
			showEnvVarsInLog = 0;
		};
		C96C1A6B89E184D4551FF06F /* [CP] Check Pods Manifest.lock */ = {
			isa = PBXShellScriptBuildPhase;
			buildActionMask = 2147483647;
			files = (
			);
			inputFileListPaths = (
			);
			inputPaths = (
				"${PODS_PODFILE_DIR_PATH}/Podfile.lock",
				"${PODS_ROOT}/Manifest.lock",
			);
			name = "[CP] Check Pods Manifest.lock";
			outputFileListPaths = (
			);
			outputPaths = (
				"$(DERIVED_FILE_DIR)/Pods-PlantApp-checkManifestLockResult.txt",
			);
			runOnlyForDeploymentPostprocessing = 0;
			shellPath = /bin/sh;
			shellScript = "diff \"${PODS_PODFILE_DIR_PATH}/Podfile.lock\" \"${PODS_ROOT}/Manifest.lock\" > /dev/null\nif [ $? != 0 ] ; then\n    # print error to STDERR\n    echo \"error: The sandbox is not in sync with the Podfile.lock. Run 'pod install' or update your CocoaPods installation.\" >&2\n    exit 1\nfi\n# This output is used by Xcode 'outputs' to avoid re-running this script phase.\necho \"SUCCESS\" > \"${SCRIPT_OUTPUT_FILE_0}\"\n";
			showEnvVarsInLog = 0;
		};
/* End PBXShellScriptBuildPhase section */

/* Begin PBXSourcesBuildPhase section */
		B483757C29D5AEE800451787 /* Sources */ = {
			isa = PBXSourcesBuildPhase;
			buildActionMask = 2147483647;
			files = (
				B406860B29D8D9950044014E /* MyGardenViewController.swift in Sources */,
				B4FC950E29D8A615007D9D5D /* CategoriesCVC.swift in Sources */,
				B48375B029D5B6F000451787 /* UICollectionView + Extension.swift in Sources */,
				B406860229D8D2700044014E /* BaseTabbarController.swift in Sources */,
				B48375AE29D5B6D400451787 /* ReusableView.swift in Sources */,
				B483758429D5AEE800451787 /* AppDelegate.swift in Sources */,
				B40685F529D8BD7D0044014E /* GetStartedRequestModel.swift in Sources */,
				B406860929D8D98C0044014E /* ProfileViewController.swift in Sources */,
				B40685F929D8BDEE0044014E /* GetStartedResponseModel.swift in Sources */,
				B40685FE29D8BEB00044014E /* CategoriesResponseModel.swift in Sources */,
				B48375A629D5B63B00451787 /* NetworkManager.swift in Sources */,
				B4FC94F829D88CC6007D9D5D /* GradiendLabel.swift in Sources */,
				B4FC94FE29D892A8007D9D5D /* GetStartedCVC.swift in Sources */,
				B406860E29D8DAD70044014E /* ScanViewController.swift in Sources */,
				B40685ED29D8B6140044014E /* HeaderView.swift in Sources */,
				B48375D329D5BD0D00451787 /* UIFont + Extension.swift in Sources */,
				B48375AC29D5B68700451787 /* UIViewController+Extensions.swift in Sources */,
				B48375A429D5B40A00451787 /* GetStartedViewController.swift in Sources */,
				B40685EB29D8ACC60044014E /* SearchView.swift in Sources */,
				B483758629D5AEE800451787 /* SceneDelegate.swift in Sources */,
				B48375DC29D5BF1800451787 /* CustomColors.swift in Sources */,
				B48375EA29D6FEA900451787 /* OnboardingTwoCVC.swift in Sources */,
				B4FC950A29D89715007D9D5D /* UICollectionViewCell + Extensions.swift in Sources */,
				B48375DA29D5BE8400451787 /* UIColor + Extension.swift in Sources */,
				B406861329D8E2C60044014E /* WebViewController.swift in Sources */,
				B4FC951329D8A815007D9D5D /* CategoryCVC.swift in Sources */,
				B48375B229D5B91100451787 /* OnboardingViewController.swift in Sources */,
				B48375D629D5BD6E00451787 /* AppConstants.swift in Sources */,
				B48375F529D7308F00451787 /* PayWallCVC.swift in Sources */,
				B40685F229D8BBE30044014E /* ConnectionService.swift in Sources */,
				B48375F129D72BD500451787 /* PayWallPriceView.swift in Sources */,
				B48375DE29D5C47600451787 /* String + Extension.swift in Sources */,
				B40685F029D8BB1A0044014E /* RequestModel.swift in Sources */,
				B406860729D8D9850044014E /* DiagnoseViewController.swift in Sources */,
				B4FC94EE29D882FC007D9D5D /* NSLayoutConstraint + Extensions.swift in Sources */,
				B4FC950829D895D2007D9D5D /* UIView + Extensions.swift in Sources */,
				B48375AA29D5B65F00451787 /* SafeUnwrap.swift in Sources */,
				B4FC950329D8940F007D9D5D /* QuestionCVC.swift in Sources */,
				B40685FC29D8BE990044014E /* CategoriesRequestModel.swift in Sources */,
				B4FC94F529D88918007D9D5D /* PremiumCVC.swift in Sources */,
				B40685F729D8BDA30044014E /* ServiceConstants.swift in Sources */,
				B4FC94F029D88750007D9D5D /* HomeViewModel.swift in Sources */,
				B48375B429D5B92900451787 /* HomeViewController.swift in Sources */,
				B406860029D8C4A20044014E /* ObservableObject.swift in Sources */,
				B48375EE29D71AF400451787 /* PayWallViewController.swift in Sources */,
				B48375E329D5DF9F00451787 /* OnboardingCVC.swift in Sources */,
				B48375D829D5BD8200451787 /* FontBook.swift in Sources */,
			);
			runOnlyForDeploymentPostprocessing = 0;
		};
/* End PBXSourcesBuildPhase section */

/* Begin PBXVariantGroup section */
		B483758E29D5AEE800451787 /* LaunchScreen.storyboard */ = {
			isa = PBXVariantGroup;
			children = (
				B483758F29D5AEE800451787 /* Base */,
			);
			name = LaunchScreen.storyboard;
			sourceTree = "<group>";
		};
/* End PBXVariantGroup section */

/* Begin XCBuildConfiguration section */
		B483759229D5AEE800451787 /* Debug */ = {
			isa = XCBuildConfiguration;
			buildSettings = {
				ALWAYS_SEARCH_USER_PATHS = NO;
				CLANG_ANALYZER_NONNULL = YES;
				CLANG_ANALYZER_NUMBER_OBJECT_CONVERSION = YES_AGGRESSIVE;
				CLANG_CXX_LANGUAGE_STANDARD = "gnu++20";
				CLANG_ENABLE_MODULES = YES;
				CLANG_ENABLE_OBJC_ARC = YES;
				CLANG_ENABLE_OBJC_WEAK = YES;
				CLANG_WARN_BLOCK_CAPTURE_AUTORELEASING = YES;
				CLANG_WARN_BOOL_CONVERSION = YES;
				CLANG_WARN_COMMA = YES;
				CLANG_WARN_CONSTANT_CONVERSION = YES;
				CLANG_WARN_DEPRECATED_OBJC_IMPLEMENTATIONS = YES;
				CLANG_WARN_DIRECT_OBJC_ISA_USAGE = YES_ERROR;
				CLANG_WARN_DOCUMENTATION_COMMENTS = YES;
				CLANG_WARN_EMPTY_BODY = YES;
				CLANG_WARN_ENUM_CONVERSION = YES;
				CLANG_WARN_INFINITE_RECURSION = YES;
				CLANG_WARN_INT_CONVERSION = YES;
				CLANG_WARN_NON_LITERAL_NULL_CONVERSION = YES;
				CLANG_WARN_OBJC_IMPLICIT_RETAIN_SELF = YES;
				CLANG_WARN_OBJC_LITERAL_CONVERSION = YES;
				CLANG_WARN_OBJC_ROOT_CLASS = YES_ERROR;
				CLANG_WARN_QUOTED_INCLUDE_IN_FRAMEWORK_HEADER = YES;
				CLANG_WARN_RANGE_LOOP_ANALYSIS = YES;
				CLANG_WARN_STRICT_PROTOTYPES = YES;
				CLANG_WARN_SUSPICIOUS_MOVE = YES;
				CLANG_WARN_UNGUARDED_AVAILABILITY = YES_AGGRESSIVE;
				CLANG_WARN_UNREACHABLE_CODE = YES;
				CLANG_WARN__DUPLICATE_METHOD_MATCH = YES;
				COPY_PHASE_STRIP = NO;
				DEBUG_INFORMATION_FORMAT = dwarf;
				ENABLE_STRICT_OBJC_MSGSEND = YES;
				ENABLE_TESTABILITY = YES;
				GCC_C_LANGUAGE_STANDARD = gnu11;
				GCC_DYNAMIC_NO_PIC = NO;
				GCC_NO_COMMON_BLOCKS = YES;
				GCC_OPTIMIZATION_LEVEL = 0;
				GCC_PREPROCESSOR_DEFINITIONS = (
					"DEBUG=1",
					"$(inherited)",
				);
				GCC_WARN_64_TO_32_BIT_CONVERSION = YES;
				GCC_WARN_ABOUT_RETURN_TYPE = YES_ERROR;
				GCC_WARN_UNDECLARED_SELECTOR = YES;
				GCC_WARN_UNINITIALIZED_AUTOS = YES_AGGRESSIVE;
				GCC_WARN_UNUSED_FUNCTION = YES;
				GCC_WARN_UNUSED_VARIABLE = YES;
				IPHONEOS_DEPLOYMENT_TARGET = 16.2;
				MTL_ENABLE_DEBUG_INFO = INCLUDE_SOURCE;
				MTL_FAST_MATH = YES;
				ONLY_ACTIVE_ARCH = YES;
				SDKROOT = iphoneos;
				SWIFT_ACTIVE_COMPILATION_CONDITIONS = DEBUG;
				SWIFT_OPTIMIZATION_LEVEL = "-Onone";
			};
			name = Debug;
		};
		B483759329D5AEE800451787 /* Release */ = {
			isa = XCBuildConfiguration;
			buildSettings = {
				ALWAYS_SEARCH_USER_PATHS = NO;
				CLANG_ANALYZER_NONNULL = YES;
				CLANG_ANALYZER_NUMBER_OBJECT_CONVERSION = YES_AGGRESSIVE;
				CLANG_CXX_LANGUAGE_STANDARD = "gnu++20";
				CLANG_ENABLE_MODULES = YES;
				CLANG_ENABLE_OBJC_ARC = YES;
				CLANG_ENABLE_OBJC_WEAK = YES;
				CLANG_WARN_BLOCK_CAPTURE_AUTORELEASING = YES;
				CLANG_WARN_BOOL_CONVERSION = YES;
				CLANG_WARN_COMMA = YES;
				CLANG_WARN_CONSTANT_CONVERSION = YES;
				CLANG_WARN_DEPRECATED_OBJC_IMPLEMENTATIONS = YES;
				CLANG_WARN_DIRECT_OBJC_ISA_USAGE = YES_ERROR;
				CLANG_WARN_DOCUMENTATION_COMMENTS = YES;
				CLANG_WARN_EMPTY_BODY = YES;
				CLANG_WARN_ENUM_CONVERSION = YES;
				CLANG_WARN_INFINITE_RECURSION = YES;
				CLANG_WARN_INT_CONVERSION = YES;
				CLANG_WARN_NON_LITERAL_NULL_CONVERSION = YES;
				CLANG_WARN_OBJC_IMPLICIT_RETAIN_SELF = YES;
				CLANG_WARN_OBJC_LITERAL_CONVERSION = YES;
				CLANG_WARN_OBJC_ROOT_CLASS = YES_ERROR;
				CLANG_WARN_QUOTED_INCLUDE_IN_FRAMEWORK_HEADER = YES;
				CLANG_WARN_RANGE_LOOP_ANALYSIS = YES;
				CLANG_WARN_STRICT_PROTOTYPES = YES;
				CLANG_WARN_SUSPICIOUS_MOVE = YES;
				CLANG_WARN_UNGUARDED_AVAILABILITY = YES_AGGRESSIVE;
				CLANG_WARN_UNREACHABLE_CODE = YES;
				CLANG_WARN__DUPLICATE_METHOD_MATCH = YES;
				COPY_PHASE_STRIP = NO;
				DEBUG_INFORMATION_FORMAT = "dwarf-with-dsym";
				ENABLE_NS_ASSERTIONS = NO;
				ENABLE_STRICT_OBJC_MSGSEND = YES;
				GCC_C_LANGUAGE_STANDARD = gnu11;
				GCC_NO_COMMON_BLOCKS = YES;
				GCC_WARN_64_TO_32_BIT_CONVERSION = YES;
				GCC_WARN_ABOUT_RETURN_TYPE = YES_ERROR;
				GCC_WARN_UNDECLARED_SELECTOR = YES;
				GCC_WARN_UNINITIALIZED_AUTOS = YES_AGGRESSIVE;
				GCC_WARN_UNUSED_FUNCTION = YES;
				GCC_WARN_UNUSED_VARIABLE = YES;
				IPHONEOS_DEPLOYMENT_TARGET = 16.2;
				MTL_ENABLE_DEBUG_INFO = NO;
				MTL_FAST_MATH = YES;
				SDKROOT = iphoneos;
				SWIFT_COMPILATION_MODE = wholemodule;
				SWIFT_OPTIMIZATION_LEVEL = "-O";
				VALIDATE_PRODUCT = YES;
			};
			name = Release;
		};
		B483759529D5AEE800451787 /* Debug */ = {
			isa = XCBuildConfiguration;
			baseConfigurationReference = 248DD3F8B7A983CC6DE2F43C /* Pods-PlantApp.debug.xcconfig */;
			buildSettings = {
				ASSETCATALOG_COMPILER_APPICON_NAME = AppIcon;
				ASSETCATALOG_COMPILER_GLOBAL_ACCENT_COLOR_NAME = AccentColor;
				CODE_SIGN_STYLE = Automatic;
				CURRENT_PROJECT_VERSION = 1;
				DEVELOPMENT_TEAM = FKYKQ78NXT;
				GENERATE_INFOPLIST_FILE = YES;
				INFOPLIST_FILE = PlantApp/Info.plist;
				INFOPLIST_KEY_LSApplicationCategoryType = "public.app-category.lifestyle";
				INFOPLIST_KEY_UIApplicationSupportsIndirectInputEvents = YES;
				INFOPLIST_KEY_UILaunchStoryboardName = LaunchScreen;
				INFOPLIST_KEY_UIMainStoryboardFile = "";
				INFOPLIST_KEY_UISupportedInterfaceOrientations = UIInterfaceOrientationPortrait;
				INFOPLIST_KEY_UISupportedInterfaceOrientations_iPad = "UIInterfaceOrientationLandscapeLeft UIInterfaceOrientationLandscapeRight UIInterfaceOrientationPortrait UIInterfaceOrientationPortraitUpsideDown";
				IPHONEOS_DEPLOYMENT_TARGET = 13.0;
				LD_RUNPATH_SEARCH_PATHS = (
					"$(inherited)",
					"@executable_path/Frameworks",
				);
				MARKETING_VERSION = 1.0;
				PRODUCT_BUNDLE_IDENTIFIER = com.gokduman.mert.PlantApp;
				PRODUCT_NAME = "$(TARGET_NAME)";
				SUPPORTED_PLATFORMS = "iphoneos iphonesimulator";
				SUPPORTS_MACCATALYST = NO;
				SUPPORTS_MAC_DESIGNED_FOR_IPHONE_IPAD = NO;
				SWIFT_EMIT_LOC_STRINGS = YES;
				SWIFT_VERSION = 5.0;
				TARGETED_DEVICE_FAMILY = 1;
			};
			name = Debug;
		};
		B483759629D5AEE800451787 /* Release */ = {
			isa = XCBuildConfiguration;
			baseConfigurationReference = 6561363FCDD861E0C70654BD /* Pods-PlantApp.release.xcconfig */;
			buildSettings = {
				ASSETCATALOG_COMPILER_APPICON_NAME = AppIcon;
				ASSETCATALOG_COMPILER_GLOBAL_ACCENT_COLOR_NAME = AccentColor;
				CODE_SIGN_STYLE = Automatic;
				CURRENT_PROJECT_VERSION = 1;
				DEVELOPMENT_TEAM = FKYKQ78NXT;
				GENERATE_INFOPLIST_FILE = YES;
				INFOPLIST_FILE = PlantApp/Info.plist;
				INFOPLIST_KEY_LSApplicationCategoryType = "public.app-category.lifestyle";
				INFOPLIST_KEY_UIApplicationSupportsIndirectInputEvents = YES;
				INFOPLIST_KEY_UILaunchStoryboardName = LaunchScreen;
				INFOPLIST_KEY_UIMainStoryboardFile = "";
				INFOPLIST_KEY_UISupportedInterfaceOrientations = UIInterfaceOrientationPortrait;
				INFOPLIST_KEY_UISupportedInterfaceOrientations_iPad = "UIInterfaceOrientationLandscapeLeft UIInterfaceOrientationLandscapeRight UIInterfaceOrientationPortrait UIInterfaceOrientationPortraitUpsideDown";
				IPHONEOS_DEPLOYMENT_TARGET = 13.0;
				LD_RUNPATH_SEARCH_PATHS = (
					"$(inherited)",
					"@executable_path/Frameworks",
				);
				MARKETING_VERSION = 1.0;
				PRODUCT_BUNDLE_IDENTIFIER = com.gokduman.mert.PlantApp;
				PRODUCT_NAME = "$(TARGET_NAME)";
				SUPPORTED_PLATFORMS = "iphoneos iphonesimulator";
				SUPPORTS_MACCATALYST = NO;
				SUPPORTS_MAC_DESIGNED_FOR_IPHONE_IPAD = NO;
				SWIFT_EMIT_LOC_STRINGS = YES;
				SWIFT_VERSION = 5.0;
				TARGETED_DEVICE_FAMILY = 1;
			};
			name = Release;
		};
/* End XCBuildConfiguration section */

/* Begin XCConfigurationList section */
		B483757B29D5AEE800451787 /* Build configuration list for PBXProject "PlantApp" */ = {
			isa = XCConfigurationList;
			buildConfigurations = (
				B483759229D5AEE800451787 /* Debug */,
				B483759329D5AEE800451787 /* Release */,
			);
			defaultConfigurationIsVisible = 0;
			defaultConfigurationName = Release;
		};
		B483759429D5AEE800451787 /* Build configuration list for PBXNativeTarget "PlantApp" */ = {
			isa = XCConfigurationList;
			buildConfigurations = (
				B483759529D5AEE800451787 /* Debug */,
				B483759629D5AEE800451787 /* Release */,
			);
			defaultConfigurationIsVisible = 0;
			defaultConfigurationName = Release;
		};
/* End XCConfigurationList section */
	};
	rootObject = B483757829D5AEE800451787 /* Project object */;
}
