// !$*UTF8*$!
{
	archiveVersion = 1;
	classes = {
	};
	objectVersion = 56;
	objects = {

/* Begin PBXBuildFile section */
		B483758429D5AEE800451787 /* AppDelegate.swift in Sources */ = {isa = PBXBuildFile; fileRef = B483758329D5AEE800451787 /* AppDelegate.swift */; };
		B483758629D5AEE800451787 /* SceneDelegate.swift in Sources */ = {isa = PBXBuildFile; fileRef = B483758529D5AEE800451787 /* SceneDelegate.swift */; };
		B483758D29D5AEE800451787 /* Assets.xcassets in Resources */ = {isa = PBXBuildFile; fileRef = B483758C29D5AEE800451787 /* Assets.xcassets */; };
		B483759029D5AEE800451787 /* LaunchScreen.storyboard in Resources */ = {isa = PBXBuildFile; fileRef = B483758E29D5AEE800451787 /* LaunchScreen.storyboard */; };
		B483759D29D5B0E100451787 /* BaseVC.swift in Sources */ = {isa = PBXBuildFile; fileRef = B483759C29D5B0E100451787 /* BaseVC.swift */; };
		B483759F29D5B0EB00451787 /* BaseViewModel.swift in Sources */ = {isa = PBXBuildFile; fileRef = B483759E29D5B0EB00451787 /* BaseViewModel.swift */; };
		B48375A429D5B40A00451787 /* GetStartedViewController.swift in Sources */ = {isa = PBXBuildFile; fileRef = B48375A329D5B40A00451787 /* GetStartedViewController.swift */; };
		B48375A629D5B63B00451787 /* NetworkManager.swift in Sources */ = {isa = PBXBuildFile; fileRef = B48375A529D5B63B00451787 /* NetworkManager.swift */; };
		B48375AA29D5B65F00451787 /* SafeUnwrap.swift in Sources */ = {isa = PBXBuildFile; fileRef = B48375A929D5B65F00451787 /* SafeUnwrap.swift */; };
		B48375AC29D5B68700451787 /* UIViewController+Extensions.swift in Sources */ = {isa = PBXBuildFile; fileRef = B48375AB29D5B68700451787 /* UIViewController+Extensions.swift */; };
		B48375AE29D5B6D400451787 /* ReusableView.swift in Sources */ = {isa = PBXBuildFile; fileRef = B48375AD29D5B6D400451787 /* ReusableView.swift */; };
		B48375B029D5B6F000451787 /* UICollectionView + Extension.swift in Sources */ = {isa = PBXBuildFile; fileRef = B48375AF29D5B6F000451787 /* UICollectionView + Extension.swift */; };
		B48375B229D5B91100451787 /* OnboardingViewController.swift in Sources */ = {isa = PBXBuildFile; fileRef = B48375B129D5B91100451787 /* OnboardingViewController.swift */; };
		B48375B429D5B92900451787 /* HomeViewController.swift in Sources */ = {isa = PBXBuildFile; fileRef = B48375B329D5B92900451787 /* HomeViewController.swift */; };
/* End PBXBuildFile section */

/* Begin PBXFileReference section */
		B483758029D5AEE800451787 /* PlantApp.app */ = {isa = PBXFileReference; explicitFileType = wrapper.application; includeInIndex = 0; path = PlantApp.app; sourceTree = BUILT_PRODUCTS_DIR; };
		B483758329D5AEE800451787 /* AppDelegate.swift */ = {isa = PBXFileReference; lastKnownFileType = sourcecode.swift; path = AppDelegate.swift; sourceTree = "<group>"; };
		B483758529D5AEE800451787 /* SceneDelegate.swift */ = {isa = PBXFileReference; lastKnownFileType = sourcecode.swift; path = SceneDelegate.swift; sourceTree = "<group>"; };
		B483758C29D5AEE800451787 /* Assets.xcassets */ = {isa = PBXFileReference; lastKnownFileType = folder.assetcatalog; path = Assets.xcassets; sourceTree = "<group>"; };
		B483758F29D5AEE800451787 /* Base */ = {isa = PBXFileReference; lastKnownFileType = file.storyboard; name = Base; path = Base.lproj/LaunchScreen.storyboard; sourceTree = "<group>"; };
		B483759129D5AEE800451787 /* Info.plist */ = {isa = PBXFileReference; lastKnownFileType = text.plist.xml; path = Info.plist; sourceTree = "<group>"; };
		B483759C29D5B0E100451787 /* BaseVC.swift */ = {isa = PBXFileReference; lastKnownFileType = sourcecode.swift; path = BaseVC.swift; sourceTree = "<group>"; };
		B483759E29D5B0EB00451787 /* BaseViewModel.swift */ = {isa = PBXFileReference; lastKnownFileType = sourcecode.swift; path = BaseViewModel.swift; sourceTree = "<group>"; };
		B48375A329D5B40A00451787 /* GetStartedViewController.swift */ = {isa = PBXFileReference; lastKnownFileType = sourcecode.swift; path = GetStartedViewController.swift; sourceTree = "<group>"; };
		B48375A529D5B63B00451787 /* NetworkManager.swift */ = {isa = PBXFileReference; lastKnownFileType = sourcecode.swift; path = NetworkManager.swift; sourceTree = "<group>"; };
		B48375A929D5B65F00451787 /* SafeUnwrap.swift */ = {isa = PBXFileReference; lastKnownFileType = sourcecode.swift; path = SafeUnwrap.swift; sourceTree = "<group>"; };
		B48375AB29D5B68700451787 /* UIViewController+Extensions.swift */ = {isa = PBXFileReference; lastKnownFileType = sourcecode.swift; path = "UIViewController+Extensions.swift"; sourceTree = "<group>"; };
		B48375AD29D5B6D400451787 /* ReusableView.swift */ = {isa = PBXFileReference; lastKnownFileType = sourcecode.swift; path = ReusableView.swift; sourceTree = "<group>"; };
		B48375AF29D5B6F000451787 /* UICollectionView + Extension.swift */ = {isa = PBXFileReference; lastKnownFileType = sourcecode.swift; path = "UICollectionView + Extension.swift"; sourceTree = "<group>"; };
		B48375B129D5B91100451787 /* OnboardingViewController.swift */ = {isa = PBXFileReference; lastKnownFileType = sourcecode.swift; path = OnboardingViewController.swift; sourceTree = "<group>"; };
		B48375B329D5B92900451787 /* HomeViewController.swift */ = {isa = PBXFileReference; lastKnownFileType = sourcecode.swift; path = HomeViewController.swift; sourceTree = "<group>"; };
/* End PBXFileReference section */

/* Begin PBXFrameworksBuildPhase section */
		B483757D29D5AEE800451787 /* Frameworks */ = {
			isa = PBXFrameworksBuildPhase;
			buildActionMask = 2147483647;
			files = (
			);
			runOnlyForDeploymentPostprocessing = 0;
		};
/* End PBXFrameworksBuildPhase section */

/* Begin PBXGroup section */
		B483757729D5AEE800451787 = {
			isa = PBXGroup;
			children = (
				B483758229D5AEE800451787 /* PlantApp */,
				B483758129D5AEE800451787 /* Products */,
			);
			sourceTree = "<group>";
		};
		B483758129D5AEE800451787 /* Products */ = {
			isa = PBXGroup;
			children = (
				B483758029D5AEE800451787 /* PlantApp.app */,
			);
			name = Products;
			sourceTree = "<group>";
		};
		B483758229D5AEE800451787 /* PlantApp */ = {
			isa = PBXGroup;
			children = (
				B483759729D5B04E00451787 /* Application */,
				B483759829D5B05400451787 /* Network */,
				B483759929D5B05900451787 /* Utilities */,
				B483759A29D5B06F00451787 /* Sources */,
				B483759129D5AEE800451787 /* Info.plist */,
			);
			path = PlantApp;
			sourceTree = "<group>";
		};
		B483759729D5B04E00451787 /* Application */ = {
			isa = PBXGroup;
			children = (
				B483758329D5AEE800451787 /* AppDelegate.swift */,
				B483758529D5AEE800451787 /* SceneDelegate.swift */,
				B483759B29D5B09200451787 /* Base */,
				B48375A229D5B23900451787 /* GetStarted */,
				B48375A029D5B11C00451787 /* Onboarding */,
				B48375A129D5B14D00451787 /* Home */,
			);
			path = Application;
			sourceTree = "<group>";
		};
		B483759829D5B05400451787 /* Network */ = {
			isa = PBXGroup;
			children = (
				B48375A529D5B63B00451787 /* NetworkManager.swift */,
			);
			path = Network;
			sourceTree = "<group>";
		};
		B483759929D5B05900451787 /* Utilities */ = {
			isa = PBXGroup;
			children = (
				B48375A829D5B65600451787 /* Helpers */,
				B48375A729D5B65000451787 /* Extensions */,
			);
			path = Utilities;
			sourceTree = "<group>";
		};
		B483759A29D5B06F00451787 /* Sources */ = {
			isa = PBXGroup;
			children = (
				B483758C29D5AEE800451787 /* Assets.xcassets */,
				B483758E29D5AEE800451787 /* LaunchScreen.storyboard */,
			);
			path = Sources;
			sourceTree = "<group>";
		};
		B483759B29D5B09200451787 /* Base */ = {
			isa = PBXGroup;
			children = (
				B483759C29D5B0E100451787 /* BaseVC.swift */,
				B483759E29D5B0EB00451787 /* BaseViewModel.swift */,
			);
			path = Base;
			sourceTree = "<group>";
		};
		B48375A029D5B11C00451787 /* Onboarding */ = {
			isa = PBXGroup;
			children = (
				B48375B129D5B91100451787 /* OnboardingViewController.swift */,
			);
			path = Onboarding;
			sourceTree = "<group>";
		};
		B48375A129D5B14D00451787 /* Home */ = {
			isa = PBXGroup;
			children = (
				B48375B329D5B92900451787 /* HomeViewController.swift */,
			);
			path = Home;
			sourceTree = "<group>";
		};
		B48375A229D5B23900451787 /* GetStarted */ = {
			isa = PBXGroup;
			children = (
				B48375A329D5B40A00451787 /* GetStartedViewController.swift */,
			);
			name = GetStarted;
			sourceTree = "<group>";
		};
		B48375A729D5B65000451787 /* Extensions */ = {
			isa = PBXGroup;
			children = (
				B48375AB29D5B68700451787 /* UIViewController+Extensions.swift */,
				B48375AF29D5B6F000451787 /* UICollectionView + Extension.swift */,
			);
			path = Extensions;
			sourceTree = "<group>";
		};
		B48375A829D5B65600451787 /* Helpers */ = {
			isa = PBXGroup;
			children = (
				B48375A929D5B65F00451787 /* SafeUnwrap.swift */,
				B48375AD29D5B6D400451787 /* ReusableView.swift */,
			);
			path = Helpers;
			sourceTree = "<group>";
		};
/* End PBXGroup section */

/* Begin PBXNativeTarget section */
		B483757F29D5AEE800451787 /* PlantApp */ = {
			isa = PBXNativeTarget;
			buildConfigurationList = B483759429D5AEE800451787 /* Build configuration list for PBXNativeTarget "PlantApp" */;
			buildPhases = (
				B483757C29D5AEE800451787 /* Sources */,
				B483757D29D5AEE800451787 /* Frameworks */,
				B483757E29D5AEE800451787 /* Resources */,
			);
			buildRules = (
			);
			dependencies = (
			);
			name = PlantApp;
			productName = PlantApp;
			productReference = B483758029D5AEE800451787 /* PlantApp.app */;
			productType = "com.apple.product-type.application";
		};
/* End PBXNativeTarget section */

/* Begin PBXProject section */
		B483757829D5AEE800451787 /* Project object */ = {
			isa = PBXProject;
			attributes = {
				BuildIndependentTargetsInParallel = 1;
				LastSwiftUpdateCheck = 1420;
				LastUpgradeCheck = 1420;
				TargetAttributes = {
					B483757F29D5AEE800451787 = {
						CreatedOnToolsVersion = 14.2;
					};
				};
			};
			buildConfigurationList = B483757B29D5AEE800451787 /* Build configuration list for PBXProject "PlantApp" */;
			compatibilityVersion = "Xcode 14.0";
			developmentRegion = en;
			hasScannedForEncodings = 0;
			knownRegions = (
				en,
				Base,
			);
			mainGroup = B483757729D5AEE800451787;
			productRefGroup = B483758129D5AEE800451787 /* Products */;
			projectDirPath = "";
			projectRoot = "";
			targets = (
				B483757F29D5AEE800451787 /* PlantApp */,
			);
		};
/* End PBXProject section */

/* Begin PBXResourcesBuildPhase section */
		B483757E29D5AEE800451787 /* Resources */ = {
			isa = PBXResourcesBuildPhase;
			buildActionMask = 2147483647;
			files = (
				B483759029D5AEE800451787 /* LaunchScreen.storyboard in Resources */,
				B483758D29D5AEE800451787 /* Assets.xcassets in Resources */,
			);
			runOnlyForDeploymentPostprocessing = 0;
		};
/* End PBXResourcesBuildPhase section */

/* Begin PBXSourcesBuildPhase section */
		B483757C29D5AEE800451787 /* Sources */ = {
			isa = PBXSourcesBuildPhase;
			buildActionMask = 2147483647;
			files = (
				B48375B029D5B6F000451787 /* UICollectionView + Extension.swift in Sources */,
				B48375AE29D5B6D400451787 /* ReusableView.swift in Sources */,
				B483759F29D5B0EB00451787 /* BaseViewModel.swift in Sources */,
				B483758429D5AEE800451787 /* AppDelegate.swift in Sources */,
				B48375A629D5B63B00451787 /* NetworkManager.swift in Sources */,
				B48375AC29D5B68700451787 /* UIViewController+Extensions.swift in Sources */,
				B48375A429D5B40A00451787 /* GetStartedViewController.swift in Sources */,
				B483758629D5AEE800451787 /* SceneDelegate.swift in Sources */,
				B483759D29D5B0E100451787 /* BaseVC.swift in Sources */,
				B48375B229D5B91100451787 /* OnboardingViewController.swift in Sources */,
				B48375AA29D5B65F00451787 /* SafeUnwrap.swift in Sources */,
				B48375B429D5B92900451787 /* HomeViewController.swift in Sources */,
			);
			runOnlyForDeploymentPostprocessing = 0;
		};
/* End PBXSourcesBuildPhase section */

/* Begin PBXVariantGroup section */
		B483758E29D5AEE800451787 /* LaunchScreen.storyboard */ = {
			isa = PBXVariantGroup;
			children = (
				B483758F29D5AEE800451787 /* Base */,
			);
			name = LaunchScreen.storyboard;
			sourceTree = "<group>";
		};
/* End PBXVariantGroup section */

/* Begin XCBuildConfiguration section */
		B483759229D5AEE800451787 /* Debug */ = {
			isa = XCBuildConfiguration;
			buildSettings = {
				ALWAYS_SEARCH_USER_PATHS = NO;
				CLANG_ANALYZER_NONNULL = YES;
				CLANG_ANALYZER_NUMBER_OBJECT_CONVERSION = YES_AGGRESSIVE;
				CLANG_CXX_LANGUAGE_STANDARD = "gnu++20";
				CLANG_ENABLE_MODULES = YES;
				CLANG_ENABLE_OBJC_ARC = YES;
				CLANG_ENABLE_OBJC_WEAK = YES;
				CLANG_WARN_BLOCK_CAPTURE_AUTORELEASING = YES;
				CLANG_WARN_BOOL_CONVERSION = YES;
				CLANG_WARN_COMMA = YES;
				CLANG_WARN_CONSTANT_CONVERSION = YES;
				CLANG_WARN_DEPRECATED_OBJC_IMPLEMENTATIONS = YES;
				CLANG_WARN_DIRECT_OBJC_ISA_USAGE = YES_ERROR;
				CLANG_WARN_DOCUMENTATION_COMMENTS = YES;
				CLANG_WARN_EMPTY_BODY = YES;
				CLANG_WARN_ENUM_CONVERSION = YES;
				CLANG_WARN_INFINITE_RECURSION = YES;
				CLANG_WARN_INT_CONVERSION = YES;
				CLANG_WARN_NON_LITERAL_NULL_CONVERSION = YES;
				CLANG_WARN_OBJC_IMPLICIT_RETAIN_SELF = YES;
				CLANG_WARN_OBJC_LITERAL_CONVERSION = YES;
				CLANG_WARN_OBJC_ROOT_CLASS = YES_ERROR;
				CLANG_WARN_QUOTED_INCLUDE_IN_FRAMEWORK_HEADER = YES;
				CLANG_WARN_RANGE_LOOP_ANALYSIS = YES;
				CLANG_WARN_STRICT_PROTOTYPES = YES;
				CLANG_WARN_SUSPICIOUS_MOVE = YES;
				CLANG_WARN_UNGUARDED_AVAILABILITY = YES_AGGRESSIVE;
				CLANG_WARN_UNREACHABLE_CODE = YES;
				CLANG_WARN__DUPLICATE_METHOD_MATCH = YES;
				COPY_PHASE_STRIP = NO;
				DEBUG_INFORMATION_FORMAT = dwarf;
				ENABLE_STRICT_OBJC_MSGSEND = YES;
				ENABLE_TESTABILITY = YES;
				GCC_C_LANGUAGE_STANDARD = gnu11;
				GCC_DYNAMIC_NO_PIC = NO;
				GCC_NO_COMMON_BLOCKS = YES;
				GCC_OPTIMIZATION_LEVEL = 0;
				GCC_PREPROCESSOR_DEFINITIONS = (
					"DEBUG=1",
					"$(inherited)",
				);
				GCC_WARN_64_TO_32_BIT_CONVERSION = YES;
				GCC_WARN_ABOUT_RETURN_TYPE = YES_ERROR;
				GCC_WARN_UNDECLARED_SELECTOR = YES;
				GCC_WARN_UNINITIALIZED_AUTOS = YES_AGGRESSIVE;
				GCC_WARN_UNUSED_FUNCTION = YES;
				GCC_WARN_UNUSED_VARIABLE = YES;
				IPHONEOS_DEPLOYMENT_TARGET = 16.2;
				MTL_ENABLE_DEBUG_INFO = INCLUDE_SOURCE;
				MTL_FAST_MATH = YES;
				ONLY_ACTIVE_ARCH = YES;
				SDKROOT = iphoneos;
				SWIFT_ACTIVE_COMPILATION_CONDITIONS = DEBUG;
				SWIFT_OPTIMIZATION_LEVEL = "-Onone";
			};
			name = Debug;
		};
		B483759329D5AEE800451787 /* Release */ = {
			isa = XCBuildConfiguration;
			buildSettings = {
				ALWAYS_SEARCH_USER_PATHS = NO;
				CLANG_ANALYZER_NONNULL = YES;
				CLANG_ANALYZER_NUMBER_OBJECT_CONVERSION = YES_AGGRESSIVE;
				CLANG_CXX_LANGUAGE_STANDARD = "gnu++20";
				CLANG_ENABLE_MODULES = YES;
				CLANG_ENABLE_OBJC_ARC = YES;
				CLANG_ENABLE_OBJC_WEAK = YES;
				CLANG_WARN_BLOCK_CAPTURE_AUTORELEASING = YES;
				CLANG_WARN_BOOL_CONVERSION = YES;
				CLANG_WARN_COMMA = YES;
				CLANG_WARN_CONSTANT_CONVERSION = YES;
				CLANG_WARN_DEPRECATED_OBJC_IMPLEMENTATIONS = YES;
				CLANG_WARN_DIRECT_OBJC_ISA_USAGE = YES_ERROR;
				CLANG_WARN_DOCUMENTATION_COMMENTS = YES;
				CLANG_WARN_EMPTY_BODY = YES;
				CLANG_WARN_ENUM_CONVERSION = YES;
				CLANG_WARN_INFINITE_RECURSION = YES;
				CLANG_WARN_INT_CONVERSION = YES;
				CLANG_WARN_NON_LITERAL_NULL_CONVERSION = YES;
				CLANG_WARN_OBJC_IMPLICIT_RETAIN_SELF = YES;
				CLANG_WARN_OBJC_LITERAL_CONVERSION = YES;
				CLANG_WARN_OBJC_ROOT_CLASS = YES_ERROR;
				CLANG_WARN_QUOTED_INCLUDE_IN_FRAMEWORK_HEADER = YES;
				CLANG_WARN_RANGE_LOOP_ANALYSIS = YES;
				CLANG_WARN_STRICT_PROTOTYPES = YES;
				CLANG_WARN_SUSPICIOUS_MOVE = YES;
				CLANG_WARN_UNGUARDED_AVAILABILITY = YES_AGGRESSIVE;
				CLANG_WARN_UNREACHABLE_CODE = YES;
				CLANG_WARN__DUPLICATE_METHOD_MATCH = YES;
				COPY_PHASE_STRIP = NO;
				DEBUG_INFORMATION_FORMAT = "dwarf-with-dsym";
				ENABLE_NS_ASSERTIONS = NO;
				ENABLE_STRICT_OBJC_MSGSEND = YES;
				GCC_C_LANGUAGE_STANDARD = gnu11;
				GCC_NO_COMMON_BLOCKS = YES;
				GCC_WARN_64_TO_32_BIT_CONVERSION = YES;
				GCC_WARN_ABOUT_RETURN_TYPE = YES_ERROR;
				GCC_WARN_UNDECLARED_SELECTOR = YES;
				GCC_WARN_UNINITIALIZED_AUTOS = YES_AGGRESSIVE;
				GCC_WARN_UNUSED_FUNCTION = YES;
				GCC_WARN_UNUSED_VARIABLE = YES;
				IPHONEOS_DEPLOYMENT_TARGET = 16.2;
				MTL_ENABLE_DEBUG_INFO = NO;
				MTL_FAST_MATH = YES;
				SDKROOT = iphoneos;
				SWIFT_COMPILATION_MODE = wholemodule;
				SWIFT_OPTIMIZATION_LEVEL = "-O";
				VALIDATE_PRODUCT = YES;
			};
			name = Release;
		};
		B483759529D5AEE800451787 /* Debug */ = {
			isa = XCBuildConfiguration;
			buildSettings = {
				ASSETCATALOG_COMPILER_APPICON_NAME = AppIcon;
				ASSETCATALOG_COMPILER_GLOBAL_ACCENT_COLOR_NAME = AccentColor;
				CODE_SIGN_STYLE = Automatic;
				CURRENT_PROJECT_VERSION = 1;
				DEVELOPMENT_TEAM = FKYKQ78NXT;
				GENERATE_INFOPLIST_FILE = YES;
				INFOPLIST_FILE = PlantApp/Info.plist;
				INFOPLIST_KEY_LSApplicationCategoryType = "public.app-category.lifestyle";
				INFOPLIST_KEY_UIApplicationSupportsIndirectInputEvents = YES;
				INFOPLIST_KEY_UILaunchStoryboardName = LaunchScreen;
				INFOPLIST_KEY_UIMainStoryboardFile = "";
				INFOPLIST_KEY_UISupportedInterfaceOrientations = UIInterfaceOrientationPortrait;
				INFOPLIST_KEY_UISupportedInterfaceOrientations_iPad = "UIInterfaceOrientationLandscapeLeft UIInterfaceOrientationLandscapeRight UIInterfaceOrientationPortrait UIInterfaceOrientationPortraitUpsideDown";
				IPHONEOS_DEPLOYMENT_TARGET = 13.0;
				LD_RUNPATH_SEARCH_PATHS = (
					"$(inherited)",
					"@executable_path/Frameworks",
				);
				MARKETING_VERSION = 1.0;
				PRODUCT_BUNDLE_IDENTIFIER = com.gokduman.mert.PlantApp;
				PRODUCT_NAME = "$(TARGET_NAME)";
				SUPPORTED_PLATFORMS = "iphoneos iphonesimulator";
				SUPPORTS_MACCATALYST = NO;
				SUPPORTS_MAC_DESIGNED_FOR_IPHONE_IPAD = NO;
				SWIFT_EMIT_LOC_STRINGS = YES;
				SWIFT_VERSION = 5.0;
				TARGETED_DEVICE_FAMILY = 1;
			};
			name = Debug;
		};
		B483759629D5AEE800451787 /* Release */ = {
			isa = XCBuildConfiguration;
			buildSettings = {
				ASSETCATALOG_COMPILER_APPICON_NAME = AppIcon;
				ASSETCATALOG_COMPILER_GLOBAL_ACCENT_COLOR_NAME = AccentColor;
				CODE_SIGN_STYLE = Automatic;
				CURRENT_PROJECT_VERSION = 1;
				DEVELOPMENT_TEAM = FKYKQ78NXT;
				GENERATE_INFOPLIST_FILE = YES;
				INFOPLIST_FILE = PlantApp/Info.plist;
				INFOPLIST_KEY_LSApplicationCategoryType = "public.app-category.lifestyle";
				INFOPLIST_KEY_UIApplicationSupportsIndirectInputEvents = YES;
				INFOPLIST_KEY_UILaunchStoryboardName = LaunchScreen;
				INFOPLIST_KEY_UIMainStoryboardFile = "";
				INFOPLIST_KEY_UISupportedInterfaceOrientations = UIInterfaceOrientationPortrait;
				INFOPLIST_KEY_UISupportedInterfaceOrientations_iPad = "UIInterfaceOrientationLandscapeLeft UIInterfaceOrientationLandscapeRight UIInterfaceOrientationPortrait UIInterfaceOrientationPortraitUpsideDown";
				IPHONEOS_DEPLOYMENT_TARGET = 13.0;
				LD_RUNPATH_SEARCH_PATHS = (
					"$(inherited)",
					"@executable_path/Frameworks",
				);
				MARKETING_VERSION = 1.0;
				PRODUCT_BUNDLE_IDENTIFIER = com.gokduman.mert.PlantApp;
				PRODUCT_NAME = "$(TARGET_NAME)";
				SUPPORTED_PLATFORMS = "iphoneos iphonesimulator";
				SUPPORTS_MACCATALYST = NO;
				SUPPORTS_MAC_DESIGNED_FOR_IPHONE_IPAD = NO;
				SWIFT_EMIT_LOC_STRINGS = YES;
				SWIFT_VERSION = 5.0;
				TARGETED_DEVICE_FAMILY = 1;
			};
			name = Release;
		};
/* End XCBuildConfiguration section */

/* Begin XCConfigurationList section */
		B483757B29D5AEE800451787 /* Build configuration list for PBXProject "PlantApp" */ = {
			isa = XCConfigurationList;
			buildConfigurations = (
				B483759229D5AEE800451787 /* Debug */,
				B483759329D5AEE800451787 /* Release */,
			);
			defaultConfigurationIsVisible = 0;
			defaultConfigurationName = Release;
		};
		B483759429D5AEE800451787 /* Build configuration list for PBXNativeTarget "PlantApp" */ = {
			isa = XCConfigurationList;
			buildConfigurations = (
				B483759529D5AEE800451787 /* Debug */,
				B483759629D5AEE800451787 /* Release */,
			);
			defaultConfigurationIsVisible = 0;
			defaultConfigurationName = Release;
		};
/* End XCConfigurationList section */
	};
	rootObject = B483757829D5AEE800451787 /* Project object */;
}
